# ==========================================================================
# Joyonway P23B32 - Setpoint command lock (30s)
# Verrou consigne 30s - fix timing post-commande RS485
# --------------------------------------------------------------------------
#
#                          /!\ SAFETY WARNING /!\
#
# EN: Only replay frames captured from the physical control panel.
#     NEVER craft a setpoint frame with an arbitrary or invalid CRC.
#     @KDy reported on the HA Community thread that on his P25B85 a
#     bad-CRC setpoint frame turned the heater ON unexpectedly. This is
#     a real safety and financial risk. Capture, then replay.
#
# FR: Ne rejouer que des trames capturees depuis le panneau physique du
#     spa. NE JAMAIS forger une trame consigne avec un CRC arbitraire
#     ou invalide. @KDy a rapporte sur le forum HA Community que sur
#     son P25B85, une trame consigne avec mauvais CRC a allume le
#     chauffeur de maniere inattendue. C'est un vrai risque de
#     securite et financier. Capturer, puis rejouer.
#
# --------------------------------------------------------------------------
# Credit / Credit:
#   @Gaet78 - timing finding documented in his P69B133 HACS integration README
#   @Gaet78 - decouverte du timing documentee dans le README de son
#             integration HACS P69B133
#   @KDy   - CRC safety warning raised on the HA Community thread
#   @KDy   - avertissement securite CRC souleve sur le thread HA Community
# Author / Auteur : @KnapTheBuilder
# Date : 2026-05-17
# ==========================================================================

input_boolean:
  spa_consigne_lock:
    name: Spa consigne lock
    icon: mdi:lock-clock

automation:
  - id: spa_verrou_consigne_30s
    alias: "Spa - Setpoint lock 30s after command / Verrou consigne 30s"
    description: >
      EN: After any setpoint script runs, disable the climate-slider
      feedback automation for 30s to prevent the controller's stale
      broadcast from re-triggering the previous setpoint.
      FR: Apres l'execution d'un script de consigne, desactive
      l'automation de feedback slider climate pendant 30s pour eviter
      que le broadcast obsolete du controleur ne re-declenche
      l'ancienne consigne.
    mode: restart
    triggers:
      - trigger: state
        entity_id:
          - script.spa_cmd_consigne_37
          - script.spa_cmd_consigne_38
          - script.spa_cmd_consigne_39
          - script.spa_cmd_consigne_veille
          - script.spa_cmd_consigne_hiver
        to: "on"
    actions:
      - action: input_boolean.turn_on
        target:
          entity_id: input_boolean.spa_consigne_lock
      # EN: Replace below with YOUR slider-to-script automation entity_id
      # FR: Remplacez ci-dessous par l'entity_id de VOTRE automation
      #     slider-to-script
      - action: automation.turn_off
        target:
          entity_id: automation.spa_slider_climate_declenche_script_consigne_2
      - delay:
          seconds: 30
      - action: automation.turn_on
        target:
          entity_id: automation.spa_slider_climate_declenche_script_consigne_2
      - action: input_boolean.turn_off
        target:
          entity_id: input_boolean.spa_consigne_lock
